dependencies:
- name: jaeger
  repository: https://jaegertracing.github.io/helm-charts
  version: 0.55.0
- name: opentelemetry-collector
  repository: https://open-telemetry.github.io/opentelemetry-helm-charts
  version: 0.9.5
- name: elasticsearch
  repository: https://charts.bitnami.com/bitnami
  version: 17.9.11
digest: sha256:61938b7c24b06aaff432143668512c042af064fcff0e97c0b8ac4995b39425ac
generated: "2022-03-11T09:09:08.674627+07:00"
