dependencies:
- name: jaeger
  repository: https://jaegertracing.github.io/helm-charts
  version: 0.55.0
- name: opentelemetry-collector
  repository: https://open-telemetry.github.io/opentelemetry-helm-charts
  version: 0.9.5
- name: elasticsearch
  repository: https://helm.elastic.co
  version: 7.17.1
digest: sha256:e4537b8ca85d028ef839eea0bae508b405c689ba6103542549ff5c78a9d1b5c6
generated: "2022-03-10T15:17:29.319241+07:00"
